
Microsoft Visual Studio Solution File, Format Version 12.00
# Visual Studio 14
VisualStudioVersion = 14.0.23107.0
MinimumVisualStudioVersion = 10.0.40219.1
Project("{2150E333-8FDC-42A3-9474-1A3956D46DE8}") = "src", "src", "{8CAE5187-150C-48A3-9EDF-8408C176D068}"
EndProject
Project("{2150E333-8FDC-42A3-9474-1A3956D46DE8}") = "Solution Items", "Solution Items", "{3208B1FA-3ECE-4D50-81BD-63F7F032010E}"
	ProjectSection(SolutionItems) = preProject
		global.json = global.json
		NuGet.Config = NuGet.Config
	EndProjectSection
EndProject
Project("{8BB2217D-0F2D-49D1-97BC-3654ED321F3B}") = "ServerAdmin", "src\ServerAdmin\ServerAdmin.xproj", "{6B60D6CD-00D5-4EF6-A6B4-9C9B4CA3DFAB}"
EndProject
Global
	GlobalSection(SolutionConfigurationPlatforms) = preSolution
		Debug|Any CPU = Debug|Any CPU
		Release|Any CPU = Release|Any CPU
	EndGlobalSection
	GlobalSection(ProjectConfigurationPlatforms) = postSolution
		{6B60D6CD-00D5-4EF6-A6B4-9C9B4CA3DFAB}.Debug|Any CPU.ActiveCfg = Debug|Any CPU
		{6B60D6CD-00D5-4EF6-A6B4-9C9B4CA3DFAB}.Debug|Any CPU.Build.0 = Debug|Any CPU
		{6B60D6CD-00D5-4EF6-A6B4-9C9B4CA3DFAB}.Release|Any CPU.ActiveCfg = Release|Any CPU
		{6B60D6CD-00D5-4EF6-A6B4-9C9B4CA3DFAB}.Release|Any CPU.Build.0 = Release|Any CPU
	EndGlobalSection
	GlobalSection(SolutionProperties) = preSolution
		HideSolutionNode = FALSE
	EndGlobalSection
	GlobalSection(NestedProjects) = preSolution
		{6B60D6CD-00D5-4EF6-A6B4-9C9B4CA3DFAB} = {8CAE5187-150C-48A3-9EDF-8408C176D068}
	EndGlobalSection
EndGlobal
